
Microsoft Visual Studio Solution File, Format Version 12.00
# Visual Studio Version 17
VisualStudioVersion = 17.11.35222.181
MinimumVisualStudioVersion = 10.0.40219.1
Project("{FAE04EC0-301F-11D3-BF4B-00C04F79EFBC}") = "backend", "backend\backend.csproj", "{31E54414-6B7A-4F87-8466-AA853BFE17E9}"
EndProject
Global
	GlobalSection(SolutionConfigurationPlatforms) = preSolution
		Debug|Any CPU = Debug|Any CPU
		Release|Any CPU = Release|Any CPU
	EndGlobalSection
	GlobalSection(ProjectConfigurationPlatforms) = postSolution
		{31E54414-6B7A-4F87-8466-AA853BFE17E9}.Debug|Any CPU.ActiveCfg = Debug|Any CPU
		{31E54414-6B7A-4F87-8466-AA853BFE17E9}.Debug|Any CPU.Build.0 = Debug|Any CPU
		{31E54414-6B7A-4F87-8466-AA853BFE17E9}.Release|Any CPU.ActiveCfg = Release|Any CPU
		{31E54414-6B7A-4F87-8466-AA853BFE17E9}.Release|Any CPU.Build.0 = Release|Any CPU
	EndGlobalSection
	GlobalSection(SolutionProperties) = preSolution
		HideSolutionNode = FALSE
	EndGlobalSection
	GlobalSection(ExtensibilityGlobals) = postSolution
		SolutionGuid = {424467F3-CF56-491E-9F4C-6CDD8584D5D9}
	EndGlobalSection
EndGlobal
