
Microsoft Visual Studio Solution File, Format Version 12.00
# Visual Studio Version 17
VisualStudioVersion = 17.5.002.0
MinimumVisualStudioVersion = 10.0.40219.1
Project("{9A19103F-16F7-4668-BE54-9A1E7A4F7556}") = "backend", "backend.csproj", "{6EF07E45-34F6-4CD8-BFD5-049DA8F87838}"
EndProject
Global
	GlobalSection(SolutionConfigurationPlatforms) = preSolution
		Debug|Any CPU = Debug|Any CPU
		Release|Any CPU = Release|Any CPU
	EndGlobalSection
	GlobalSection(ProjectConfigurationPlatforms) = postSolution
		{6EF07E45-34F6-4CD8-BFD5-049DA8F87838}.Debug|Any CPU.ActiveCfg = Debug|Any CPU
		{6EF07E45-34F6-4CD8-BFD5-049DA8F87838}.Debug|Any CPU.Build.0 = Debug|Any CPU
		{6EF07E45-34F6-4CD8-BFD5-049DA8F87838}.Release|Any CPU.ActiveCfg = Release|Any CPU
		{6EF07E45-34F6-4CD8-BFD5-049DA8F87838}.Release|Any CPU.Build.0 = Release|Any CPU
	EndGlobalSection
	GlobalSection(SolutionProperties) = preSolution
		HideSolutionNode = FALSE
	EndGlobalSection
	GlobalSection(ExtensibilityGlobals) = postSolution
		SolutionGuid = {1E5C8AD4-92DF-4C8E-B2AB-FBB01369A17D}
	EndGlobalSection
EndGlobal
